
Microsoft Visual Studio Solution File, Format Version 12.00
# Visual Studio Version 17
VisualStudioVersion = 17.3.32929.385
MinimumVisualStudioVersion = 10.0.40219.1
Project("{888888A0-9F3D-457C-B088-3A5042F75D52}") = "BlackJack", "BlackJack\BlackJack.pyproj", "{AC13534D-F039-4C75-8C88-704CCEC77079}"
EndProject
Global
	GlobalSection(SolutionConfigurationPlatforms) = preSolution
		Debug|Any CPU = Debug|Any CPU
		Release|Any CPU = Release|Any CPU
	EndGlobalSection
	GlobalSection(ProjectConfigurationPlatforms) = postSolution
		{AC13534D-F039-4C75-8C88-704CCEC77079}.Debug|Any CPU.ActiveCfg = Debug|Any CPU
		{AC13534D-F039-4C75-8C88-704CCEC77079}.Release|Any CPU.ActiveCfg = Release|Any CPU
	EndGlobalSection
	GlobalSection(SolutionProperties) = preSolution
		HideSolutionNode = FALSE
	EndGlobalSection
	GlobalSection(ExtensibilityGlobals) = postSolution
		SolutionGuid = {D4632D26-975D-4EFA-9602-0DFCD02B36BC}
	EndGlobalSection
EndGlobal
